
Microsoft Visual Studio Solution File, Format Version 12.00
# Visual Studio Version 16
VisualStudioVersion = 16.0.28803.202
MinimumVisualStudioVersion = 10.0.40219.1
Project("{FAE04EC0-301F-11D3-BF4B-00C04F79EFBC}") = "StockDataForNseApi", "StockDataForNseApi\StockDataForNseApi.csproj", "{8C6C47FB-FE0C-49EF-92EF-C38A2CAD409C}"
EndProject
Global
	GlobalSection(SolutionConfigurationPlatforms) = preSolution
		Debug|Any CPU = Debug|Any CPU
		Release|Any CPU = Release|Any CPU
	EndGlobalSection
	GlobalSection(ProjectConfigurationPlatforms) = postSolution
		{8C6C47FB-FE0C-49EF-92EF-C38A2CAD409C}.Debug|Any CPU.ActiveCfg = Debug|Any CPU
		{8C6C47FB-FE0C-49EF-92EF-C38A2CAD409C}.Debug|Any CPU.Build.0 = Debug|Any CPU
		{8C6C47FB-FE0C-49EF-92EF-C38A2CAD409C}.Release|Any CPU.ActiveCfg = Release|Any CPU
		{8C6C47FB-FE0C-49EF-92EF-C38A2CAD409C}.Release|Any CPU.Build.0 = Release|Any CPU
	EndGlobalSection
	GlobalSection(SolutionProperties) = preSolution
		HideSolutionNode = FALSE
	EndGlobalSection
	GlobalSection(ExtensibilityGlobals) = postSolution
		SolutionGuid = {FC09EB07-DCB0-49F3-947A-297150AD06A8}
	EndGlobalSection
EndGlobal
